
Microsoft Visual Studio Solution File, Format Version 12.00
# Visual Studio Version 16
VisualStudioVersion = 16.0.30204.135
MinimumVisualStudioVersion = 10.0.40219.1
Project("{FAE04EC0-301F-11D3-BF4B-00C04F79EFBC}") = "AutorAndBook-A1", "AutorAndBook-A1\AutorAndBook-A1.csproj", "{829DD7B3-B180-42C6-A1AB-68729E378D5D}"
EndProject
Global
	GlobalSection(SolutionConfigurationPlatforms) = preSolution
		Debug|Any CPU = Debug|Any CPU
		Release|Any CPU = Release|Any CPU
	EndGlobalSection
	GlobalSection(ProjectConfigurationPlatforms) = postSolution
		{829DD7B3-B180-42C6-A1AB-68729E378D5D}.Debug|Any CPU.ActiveCfg = Debug|Any CPU
		{829DD7B3-B180-42C6-A1AB-68729E378D5D}.Debug|Any CPU.Build.0 = Debug|Any CPU
		{829DD7B3-B180-42C6-A1AB-68729E378D5D}.Release|Any CPU.ActiveCfg = Release|Any CPU
		{829DD7B3-B180-42C6-A1AB-68729E378D5D}.Release|Any CPU.Build.0 = Release|Any CPU
	EndGlobalSection
	GlobalSection(SolutionProperties) = preSolution
		HideSolutionNode = FALSE
	EndGlobalSection
	GlobalSection(ExtensibilityGlobals) = postSolution
		SolutionGuid = {B72AEF66-2FF6-486C-A5DF-3A5D4BA5223B}
	EndGlobalSection
EndGlobal
